
Microsoft Visual Studio Solution File, Format Version 12.00
# Visual Studio Version 16
VisualStudioVersion = 16.0.32126.315
MinimumVisualStudioVersion = 10.0.40219.1
Project("{FAE04EC0-301F-11D3-BF4B-00C04F79EFBC}") = "api-1", "api-1\api-1.csproj", "{30C31FF3-339F-4812-B50E-91F584CA67E8}"
EndProject
Global
	GlobalSection(SolutionConfigurationPlatforms) = preSolution
		Debug|Any CPU = Debug|Any CPU
		Release|Any CPU = Release|Any CPU
	EndGlobalSection
	GlobalSection(ProjectConfigurationPlatforms) = postSolution
		{30C31FF3-339F-4812-B50E-91F584CA67E8}.Debug|Any CPU.ActiveCfg = Debug|Any CPU
		{30C31FF3-339F-4812-B50E-91F584CA67E8}.Debug|Any CPU.Build.0 = Debug|Any CPU
		{30C31FF3-339F-4812-B50E-91F584CA67E8}.Release|Any CPU.ActiveCfg = Release|Any CPU
		{30C31FF3-339F-4812-B50E-91F584CA67E8}.Release|Any CPU.Build.0 = Release|Any CPU
	EndGlobalSection
	GlobalSection(SolutionProperties) = preSolution
		HideSolutionNode = FALSE
	EndGlobalSection
	GlobalSection(ExtensibilityGlobals) = postSolution
		SolutionGuid = {527ED97D-2748-4F9D-B9AA-CBB3DBDB175B}
	EndGlobalSection
EndGlobal
